// !$*UTF8*$!
{
	archiveVersion = 1;
	classes = {
	};
	objectVersion = 56;
	objects = {

/* Begin PBXBuildFile section */
		7C004E632B6EADCA006D3281 /* StatisticModel.swift in Sources */ = {isa = PBXBuildFile; fileRef = 7C004E622B6EADCA006D3281 /* StatisticModel.swift */; };
		7C004E652B6EAE47006D3281 /* StatisticView.swift in Sources */ = {isa = PBXBuildFile; fileRef = 7C004E642B6EAE47006D3281 /* StatisticView.swift */; };
		7C004E672B6EB1DF006D3281 /* HomeStatView.swift in Sources */ = {isa = PBXBuildFile; fileRef = 7C004E662B6EB1DF006D3281 /* HomeStatView.swift */; };
		7C004E692B6EB62F006D3281 /* MarketDataModel.swift in Sources */ = {isa = PBXBuildFile; fileRef = 7C004E682B6EB62F006D3281 /* MarketDataModel.swift */; };
		7C004E6B2B6EB78B006D3281 /* MarketDataService.swift in Sources */ = {isa = PBXBuildFile; fileRef = 7C004E6A2B6EB78B006D3281 /* MarketDataService.swift */; };
		7C004E6D2B6FA904006D3281 /* PortfolioView.swift in Sources */ = {isa = PBXBuildFile; fileRef = 7C004E6C2B6FA904006D3281 /* PortfolioView.swift */; };
		7C1E691E2B77F9020027E6F7 /* DetailsView.swift in Sources */ = {isa = PBXBuildFile; fileRef = 7C1E691D2B77F9020027E6F7 /* DetailsView.swift */; };
		7C3F7DA62B769C8300AB7350 /* HapticManager.swift in Sources */ = {isa = PBXBuildFile; fileRef = 7C3F7DA52B769C8300AB7350 /* HapticManager.swift */; };
		7C58478B2B696FF7003A0A4A /* NetworkingManager.swift in Sources */ = {isa = PBXBuildFile; fileRef = 7C58478A2B696FF7003A0A4A /* NetworkingManager.swift */; };
		7C93DD0F2B6FB20C0056B790 /* XMarkButton.swift in Sources */ = {isa = PBXBuildFile; fileRef = 7C93DD0E2B6FB20C0056B790 /* XMarkButton.swift */; };
		7C93DD112B6FD1EB0056B790 /* CoinLogoView.swift in Sources */ = {isa = PBXBuildFile; fileRef = 7C93DD102B6FD1EB0056B790 /* CoinLogoView.swift */; };
		7C93DD142B72A6B00056B790 /* PortfolioContainer.xcdatamodeld in Sources */ = {isa = PBXBuildFile; fileRef = 7C93DD122B72A6B00056B790 /* PortfolioContainer.xcdatamodeld */; };
		7C93DD162B72A7150056B790 /* PortfolioDataService.swift in Sources */ = {isa = PBXBuildFile; fileRef = 7C93DD152B72A7150056B790 /* PortfolioDataService.swift */; };
		7CB0359C2B6C1B7200B347E4 /* CoinImageView.swift in Sources */ = {isa = PBXBuildFile; fileRef = 7CB0359B2B6C1B7200B347E4 /* CoinImageView.swift */; };
		7CB0359E2B6C1EF800B347E4 /* CoinImageViewModel.swift in Sources */ = {isa = PBXBuildFile; fileRef = 7CB0359D2B6C1EF800B347E4 /* CoinImageViewModel.swift */; };
		7CB035A02B6C1F6400B347E4 /* CoinImageService.swift in Sources */ = {isa = PBXBuildFile; fileRef = 7CB0359F2B6C1F6400B347E4 /* CoinImageService.swift */; };
		7CB035A22B6CD3C300B347E4 /* LocalFileManager.swift in Sources */ = {isa = PBXBuildFile; fileRef = 7CB035A12B6CD3C300B347E4 /* LocalFileManager.swift */; };
		7CBB7E012B6E0F470060B361 /* SearchBarView.swift in Sources */ = {isa = PBXBuildFile; fileRef = 7CBB7E002B6E0F470060B361 /* SearchBarView.swift */; };
		7CC6EA7A2B6475960015A56B /* CrytoWatchApp.swift in Sources */ = {isa = PBXBuildFile; fileRef = 7CC6EA792B6475960015A56B /* CrytoWatchApp.swift */; };
		7CC6EA7C2B6475960015A56B /* ContentView.swift in Sources */ = {isa = PBXBuildFile; fileRef = 7CC6EA7B2B6475960015A56B /* ContentView.swift */; };
		7CC6EA812B6475970015A56B /* Preview Assets.xcassets in Resources */ = {isa = PBXBuildFile; fileRef = 7CC6EA802B6475970015A56B /* Preview Assets.xcassets */; };
		7CC6EA8A2B6476B60015A56B /* Assets.xcassets in Resources */ = {isa = PBXBuildFile; fileRef = 7CC6EA892B6476B60015A56B /* Assets.xcassets */; };
		7CC6EA8D2B64782D0015A56B /* Color.swift in Sources */ = {isa = PBXBuildFile; fileRef = 7CC6EA8C2B64782D0015A56B /* Color.swift */; };
		7CC6EA912B650EE20015A56B /* HomeView.swift in Sources */ = {isa = PBXBuildFile; fileRef = 7CC6EA902B650EE20015A56B /* HomeView.swift */; };
		7CC6EA972B6510880015A56B /* CircleButtonView.swift in Sources */ = {isa = PBXBuildFile; fileRef = 7CC6EA962B6510880015A56B /* CircleButtonView.swift */; };
		7CC6EA992B6649EC0015A56B /* CircleButtonAnimationView.swift in Sources */ = {isa = PBXBuildFile; fileRef = 7CC6EA982B6649EC0015A56B /* CircleButtonAnimationView.swift */; };
		7CC6EA9C2B66688B0015A56B /* CoinModel.swift in Sources */ = {isa = PBXBuildFile; fileRef = 7CC6EA9B2B66688B0015A56B /* CoinModel.swift */; };
		7CC6EAA22B6687EB0015A56B /* Double.swift in Sources */ = {isa = PBXBuildFile; fileRef = 7CC6EA9D2B6687EB0015A56B /* Double.swift */; };
		7CC6EAA32B6687EB0015A56B /* Date.swift in Sources */ = {isa = PBXBuildFile; fileRef = 7CC6EA9E2B6687EB0015A56B /* Date.swift */; };
		7CC6EAA42B6687EB0015A56B /* PreviewProvider.swift in Sources */ = {isa = PBXBuildFile; fileRef = 7CC6EA9F2B6687EB0015A56B /* PreviewProvider.swift */; };
		7CC6EAA52B6687EB0015A56B /* String.swift in Sources */ = {isa = PBXBuildFile; fileRef = 7CC6EAA02B6687EB0015A56B /* String.swift */; };
		7CC6EAA62B6687EB0015A56B /* UIApplication.swift in Sources */ = {isa = PBXBuildFile; fileRef = 7CC6EAA12B6687EB0015A56B /* UIApplication.swift */; };
		7CC6EAA82B6688880015A56B /* CoinRowView.swift in Sources */ = {isa = PBXBuildFile; fileRef = 7CC6EAA72B6688880015A56B /* CoinRowView.swift */; };
		7CC6EAAA2B6696FF0015A56B /* HomeViewModel.swift in Sources */ = {isa = PBXBuildFile; fileRef = 7CC6EAA92B6696FF0015A56B /* HomeViewModel.swift */; };
		7CC6EAAD2B6841420015A56B /* CoinDataService.swift in Sources */ = {isa = PBXBuildFile; fileRef = 7CC6EAAC2B6841420015A56B /* CoinDataService.swift */; };
/* End PBXBuildFile section */

/* Begin PBXFileReference section */
		7C004E622B6EADCA006D3281 /* StatisticModel.swift */ = {isa = PBXFileReference; lastKnownFileType = sourcecode.swift; path = StatisticModel.swift; sourceTree = "<group>"; };
		7C004E642B6EAE47006D3281 /* StatisticView.swift */ = {isa = PBXFileReference; lastKnownFileType = sourcecode.swift; path = StatisticView.swift; sourceTree = "<group>"; };
		7C004E662B6EB1DF006D3281 /* HomeStatView.swift */ = {isa = PBXFileReference; lastKnownFileType = sourcecode.swift; path = HomeStatView.swift; sourceTree = "<group>"; };
		7C004E682B6EB62F006D3281 /* MarketDataModel.swift */ = {isa = PBXFileReference; fileEncoding = 4; lastKnownFileType = sourcecode.swift; path = MarketDataModel.swift; sourceTree = "<group>"; };
		7C004E6A2B6EB78B006D3281 /* MarketDataService.swift */ = {isa = PBXFileReference; lastKnownFileType = sourcecode.swift; path = MarketDataService.swift; sourceTree = "<group>"; };
		7C004E6C2B6FA904006D3281 /* PortfolioView.swift */ = {isa = PBXFileReference; lastKnownFileType = sourcecode.swift; path = PortfolioView.swift; sourceTree = "<group>"; };
		7C1E691D2B77F9020027E6F7 /* DetailsView.swift */ = {isa = PBXFileReference; lastKnownFileType = sourcecode.swift; path = DetailsView.swift; sourceTree = "<group>"; };
		7C3F7DA52B769C8300AB7350 /* HapticManager.swift */ = {isa = PBXFileReference; lastKnownFileType = sourcecode.swift; path = HapticManager.swift; sourceTree = "<group>"; };
		7C58478A2B696FF7003A0A4A /* NetworkingManager.swift */ = {isa = PBXFileReference; lastKnownFileType = sourcecode.swift; path = NetworkingManager.swift; sourceTree = "<group>"; };
		7C93DD0E2B6FB20C0056B790 /* XMarkButton.swift */ = {isa = PBXFileReference; lastKnownFileType = sourcecode.swift; path = XMarkButton.swift; sourceTree = "<group>"; };
		7C93DD102B6FD1EB0056B790 /* CoinLogoView.swift */ = {isa = PBXFileReference; lastKnownFileType = sourcecode.swift; path = CoinLogoView.swift; sourceTree = "<group>"; };
		7C93DD132B72A6B00056B790 /* PortfolioContainer.xcdatamodel */ = {isa = PBXFileReference; lastKnownFileType = wrapper.xcdatamodel; path = PortfolioContainer.xcdatamodel; sourceTree = "<group>"; };
		7C93DD152B72A7150056B790 /* PortfolioDataService.swift */ = {isa = PBXFileReference; lastKnownFileType = sourcecode.swift; path = PortfolioDataService.swift; sourceTree = "<group>"; };
		7CB0359B2B6C1B7200B347E4 /* CoinImageView.swift */ = {isa = PBXFileReference; lastKnownFileType = sourcecode.swift; path = CoinImageView.swift; sourceTree = "<group>"; };
		7CB0359D2B6C1EF800B347E4 /* CoinImageViewModel.swift */ = {isa = PBXFileReference; lastKnownFileType = sourcecode.swift; path = CoinImageViewModel.swift; sourceTree = "<group>"; };
		7CB0359F2B6C1F6400B347E4 /* CoinImageService.swift */ = {isa = PBXFileReference; lastKnownFileType = sourcecode.swift; path = CoinImageService.swift; sourceTree = "<group>"; };
		7CB035A12B6CD3C300B347E4 /* LocalFileManager.swift */ = {isa = PBXFileReference; lastKnownFileType = sourcecode.swift; path = LocalFileManager.swift; sourceTree = "<group>"; };
		7CBB7E002B6E0F470060B361 /* SearchBarView.swift */ = {isa = PBXFileReference; lastKnownFileType = sourcecode.swift; path = SearchBarView.swift; sourceTree = "<group>"; };
		7CC6EA762B6475960015A56B /* CrytoWatch.app */ = {isa = PBXFileReference; explicitFileType = wrapper.application; includeInIndex = 0; path = CrytoWatch.app; sourceTree = BUILT_PRODUCTS_DIR; };
		7CC6EA792B6475960015A56B /* CrytoWatchApp.swift */ = {isa = PBXFileReference; lastKnownFileType = sourcecode.swift; path = CrytoWatchApp.swift; sourceTree = "<group>"; };
		7CC6EA7B2B6475960015A56B /* ContentView.swift */ = {isa = PBXFileReference; lastKnownFileType = sourcecode.swift; path = ContentView.swift; sourceTree = "<group>"; };
		7CC6EA802B6475970015A56B /* Preview Assets.xcassets */ = {isa = PBXFileReference; lastKnownFileType = folder.assetcatalog; path = "Preview Assets.xcassets"; sourceTree = "<group>"; };
		7CC6EA892B6476B60015A56B /* Assets.xcassets */ = {isa = PBXFileReference; lastKnownFileType = folder.assetcatalog; path = Assets.xcassets; sourceTree = "<group>"; };
		7CC6EA8C2B64782D0015A56B /* Color.swift */ = {isa = PBXFileReference; lastKnownFileType = sourcecode.swift; path = Color.swift; sourceTree = "<group>"; };
		7CC6EA902B650EE20015A56B /* HomeView.swift */ = {isa = PBXFileReference; lastKnownFileType = sourcecode.swift; path = HomeView.swift; sourceTree = "<group>"; };
		7CC6EA962B6510880015A56B /* CircleButtonView.swift */ = {isa = PBXFileReference; lastKnownFileType = sourcecode.swift; path = CircleButtonView.swift; sourceTree = "<group>"; };
		7CC6EA982B6649EC0015A56B /* CircleButtonAnimationView.swift */ = {isa = PBXFileReference; lastKnownFileType = sourcecode.swift; path = CircleButtonAnimationView.swift; sourceTree = "<group>"; };
		7CC6EA9B2B66688B0015A56B /* CoinModel.swift */ = {isa = PBXFileReference; lastKnownFileType = sourcecode.swift; path = CoinModel.swift; sourceTree = "<group>"; };
		7CC6EA9D2B6687EB0015A56B /* Double.swift */ = {isa = PBXFileReference; fileEncoding = 4; lastKnownFileType = sourcecode.swift; path = Double.swift; sourceTree = "<group>"; };
		7CC6EA9E2B6687EB0015A56B /* Date.swift */ = {isa = PBXFileReference; fileEncoding = 4; lastKnownFileType = sourcecode.swift; path = Date.swift; sourceTree = "<group>"; };
		7CC6EA9F2B6687EB0015A56B /* PreviewProvider.swift */ = {isa = PBXFileReference; fileEncoding = 4; lastKnownFileType = sourcecode.swift; path = PreviewProvider.swift; sourceTree = "<group>"; };
		7CC6EAA02B6687EB0015A56B /* String.swift */ = {isa = PBXFileReference; fileEncoding = 4; lastKnownFileType = sourcecode.swift; path = String.swift; sourceTree = "<group>"; };
		7CC6EAA12B6687EB0015A56B /* UIApplication.swift */ = {isa = PBXFileReference; fileEncoding = 4; lastKnownFileType = sourcecode.swift; path = UIApplication.swift; sourceTree = "<group>"; };
		7CC6EAA72B6688880015A56B /* CoinRowView.swift */ = {isa = PBXFileReference; lastKnownFileType = sourcecode.swift; path = CoinRowView.swift; sourceTree = "<group>"; };
		7CC6EAA92B6696FF0015A56B /* HomeViewModel.swift */ = {isa = PBXFileReference; lastKnownFileType = sourcecode.swift; path = HomeViewModel.swift; sourceTree = "<group>"; };
		7CC6EAAC2B6841420015A56B /* CoinDataService.swift */ = {isa = PBXFileReference; lastKnownFileType = sourcecode.swift; path = CoinDataService.swift; sourceTree = "<group>"; };
/* End PBXFileReference section */

/* Begin PBXFrameworksBuildPhase section */
		7CC6EA732B6475960015A56B /* Frameworks */ = {
			isa = PBXFrameworksBuildPhase;
			buildActionMask = 2147483647;
			files = (
			);
			runOnlyForDeploymentPostprocessing = 0;
		};
/* End PBXFrameworksBuildPhase section */

/* Begin PBXGroup section */
		7C1E691A2B77F4C40027E6F7 /* DetailView */ = {
			isa = PBXGroup;
			children = (
				7C1E691C2B77F8F60027E6F7 /* View */,
				7C1E691B2B77F8EC0027E6F7 /* ViewModels */,
			);
			path = DetailView;
			sourceTree = "<group>";
		};
		7C1E691B2B77F8EC0027E6F7 /* ViewModels */ = {
			isa = PBXGroup;
			children = (
			);
			path = ViewModels;
			sourceTree = "<group>";
		};
		7C1E691C2B77F8F60027E6F7 /* View */ = {
			isa = PBXGroup;
			children = (
				7C1E691D2B77F9020027E6F7 /* DetailsView.swift */,
			);
			path = View;
			sourceTree = "<group>";
		};
		7C5847892B696FDC003A0A4A /* Utilities */ = {
			isa = PBXGroup;
			children = (
				7C58478A2B696FF7003A0A4A /* NetworkingManager.swift */,
				7CB035A12B6CD3C300B347E4 /* LocalFileManager.swift */,
				7C3F7DA52B769C8300AB7350 /* HapticManager.swift */,
			);
			path = Utilities;
			sourceTree = "<group>";
		};
		7CB035982B6C1B4200B347E4 /* CoinImage */ = {
			isa = PBXGroup;
			children = (
				7CB0359B2B6C1B7200B347E4 /* CoinImageView.swift */,
				7CB0359D2B6C1EF800B347E4 /* CoinImageViewModel.swift */,
				7C93DD102B6FD1EB0056B790 /* CoinLogoView.swift */,
			);
			path = CoinImage;
			sourceTree = "<group>";
		};
		7CC6EA6D2B6475960015A56B = {
			isa = PBXGroup;
			children = (
				7CC6EA782B6475960015A56B /* CrytoWatch */,
				7CC6EA772B6475960015A56B /* Products */,
			);
			sourceTree = "<group>";
		};
		7CC6EA772B6475960015A56B /* Products */ = {
			isa = PBXGroup;
			children = (
				7CC6EA762B6475960015A56B /* CrytoWatch.app */,
			);
			name = Products;
			sourceTree = "<group>";
		};
		7CC6EA782B6475960015A56B /* CrytoWatch */ = {
			isa = PBXGroup;
			children = (
				7C5847892B696FDC003A0A4A /* Utilities */,
				7CC6EAAB2B68412F0015A56B /* Services */,
				7CC6EA9A2B6668790015A56B /* Models */,
				7CC6EA8E2B650ECC0015A56B /* Core */,
				7CC6EA8B2B64781C0015A56B /* Extension */,
				7CC6EA892B6476B60015A56B /* Assets.xcassets */,
				7CC6EA792B6475960015A56B /* CrytoWatchApp.swift */,
				7CC6EA7B2B6475960015A56B /* ContentView.swift */,
				7CC6EA7F2B6475970015A56B /* Preview Content */,
			);
			path = CrytoWatch;
			sourceTree = "<group>";
		};
		7CC6EA7F2B6475970015A56B /* Preview Content */ = {
			isa = PBXGroup;
			children = (
				7CC6EA802B6475970015A56B /* Preview Assets.xcassets */,
			);
			path = "Preview Content";
			sourceTree = "<group>";
		};
		7CC6EA8B2B64781C0015A56B /* Extension */ = {
			isa = PBXGroup;
			children = (
				7CC6EA9E2B6687EB0015A56B /* Date.swift */,
				7CC6EA9D2B6687EB0015A56B /* Double.swift */,
				7CC6EA9F2B6687EB0015A56B /* PreviewProvider.swift */,
				7CC6EAA02B6687EB0015A56B /* String.swift */,
				7CC6EAA12B6687EB0015A56B /* UIApplication.swift */,
				7CC6EA8C2B64782D0015A56B /* Color.swift */,
			);
			path = Extension;
			sourceTree = "<group>";
		};
		7CC6EA8E2B650ECC0015A56B /* Core */ = {
			isa = PBXGroup;
			children = (
				7C1E691A2B77F4C40027E6F7 /* DetailView */,
				7CC6EA922B6510490015A56B /* Components */,
				7CC6EA8F2B650ED10015A56B /* Home */,
			);
			path = Core;
			sourceTree = "<group>";
		};
		7CC6EA8F2B650ED10015A56B /* Home */ = {
			isa = PBXGroup;
			children = (
				7CC6EA942B65105E0015A56B /* ViewModels */,
				7CC6EA932B6510550015A56B /* View */,
			);
			path = Home;
			sourceTree = "<group>";
		};
		7CC6EA922B6510490015A56B /* Components */ = {
			isa = PBXGroup;
			children = (
				7CB035982B6C1B4200B347E4 /* CoinImage */,
				7CC6EA952B65106F0015A56B /* CircleButton */,
				7CBB7E002B6E0F470060B361 /* SearchBarView.swift */,
				7C004E642B6EAE47006D3281 /* StatisticView.swift */,
				7C93DD0E2B6FB20C0056B790 /* XMarkButton.swift */,
			);
			path = Components;
			sourceTree = "<group>";
		};
		7CC6EA932B6510550015A56B /* View */ = {
			isa = PBXGroup;
			children = (
				7CC6EA902B650EE20015A56B /* HomeView.swift */,
				7CC6EAA72B6688880015A56B /* CoinRowView.swift */,
				7C004E662B6EB1DF006D3281 /* HomeStatView.swift */,
				7C004E6C2B6FA904006D3281 /* PortfolioView.swift */,
			);
			path = View;
			sourceTree = "<group>";
		};
		7CC6EA942B65105E0015A56B /* ViewModels */ = {
			isa = PBXGroup;
			children = (
				7CC6EAA92B6696FF0015A56B /* HomeViewModel.swift */,
			);
			path = ViewModels;
			sourceTree = "<group>";
		};
		7CC6EA952B65106F0015A56B /* CircleButton */ = {
			isa = PBXGroup;
			children = (
				7CC6EA962B6510880015A56B /* CircleButtonView.swift */,
				7CC6EA982B6649EC0015A56B /* CircleButtonAnimationView.swift */,
			);
			path = CircleButton;
			sourceTree = "<group>";
		};
		7CC6EA9A2B6668790015A56B /* Models */ = {
			isa = PBXGroup;
			children = (
				7C93DD122B72A6B00056B790 /* PortfolioContainer.xcdatamodeld */,
				7C004E682B6EB62F006D3281 /* MarketDataModel.swift */,
				7CC6EA9B2B66688B0015A56B /* CoinModel.swift */,
				7C004E622B6EADCA006D3281 /* StatisticModel.swift */,
			);
			path = Models;
			sourceTree = "<group>";
		};
		7CC6EAAB2B68412F0015A56B /* Services */ = {
			isa = PBXGroup;
			children = (
				7CC6EAAC2B6841420015A56B /* CoinDataService.swift */,
				7CB0359F2B6C1F6400B347E4 /* CoinImageService.swift */,
				7C004E6A2B6EB78B006D3281 /* MarketDataService.swift */,
				7C93DD152B72A7150056B790 /* PortfolioDataService.swift */,
			);
			path = Services;
			sourceTree = "<group>";
		};
/* End PBXGroup section */

/* Begin PBXNativeTarget section */
		7CC6EA752B6475960015A56B /* CrytoWatch */ = {
			isa = PBXNativeTarget;
			buildConfigurationList = 7CC6EA842B6475970015A56B /* Build configuration list for PBXNativeTarget "CrytoWatch" */;
			buildPhases = (
				7CC6EA722B6475960015A56B /* Sources */,
				7CC6EA732B6475960015A56B /* Frameworks */,
				7CC6EA742B6475960015A56B /* Resources */,
			);
			buildRules = (
			);
			dependencies = (
			);
			name = CrytoWatch;
			productName = CrytoWatch;
			productReference = 7CC6EA762B6475960015A56B /* CrytoWatch.app */;
			productType = "com.apple.product-type.application";
		};
/* End PBXNativeTarget section */

/* Begin PBXProject section */
		7CC6EA6E2B6475960015A56B /* Project object */ = {
			isa = PBXProject;
			attributes = {
				BuildIndependentTargetsInParallel = 1;
				LastSwiftUpdateCheck = 1500;
				LastUpgradeCheck = 1500;
				TargetAttributes = {
					7CC6EA752B6475960015A56B = {
						CreatedOnToolsVersion = 15.0;
					};
				};
			};
			buildConfigurationList = 7CC6EA712B6475960015A56B /* Build configuration list for PBXProject "CrytoWatch" */;
			compatibilityVersion = "Xcode 14.0";
			developmentRegion = en;
			hasScannedForEncodings = 0;
			knownRegions = (
				en,
				Base,
			);
			mainGroup = 7CC6EA6D2B6475960015A56B;
			productRefGroup = 7CC6EA772B6475960015A56B /* Products */;
			projectDirPath = "";
			projectRoot = "";
			targets = (
				7CC6EA752B6475960015A56B /* CrytoWatch */,
			);
		};
/* End PBXProject section */

/* Begin PBXResourcesBuildPhase section */
		7CC6EA742B6475960015A56B /* Resources */ = {
			isa = PBXResourcesBuildPhase;
			buildActionMask = 2147483647;
			files = (
				7CC6EA8A2B6476B60015A56B /* Assets.xcassets in Resources */,
				7CC6EA812B6475970015A56B /* Preview Assets.xcassets in Resources */,
			);
			runOnlyForDeploymentPostprocessing = 0;
		};
/* End PBXResourcesBuildPhase section */

/* Begin PBXSourcesBuildPhase section */
		7CC6EA722B6475960015A56B /* Sources */ = {
			isa = PBXSourcesBuildPhase;
			buildActionMask = 2147483647;
			files = (
				7CC6EAA62B6687EB0015A56B /* UIApplication.swift in Sources */,
				7CC6EAA82B6688880015A56B /* CoinRowView.swift in Sources */,
				7C3F7DA62B769C8300AB7350 /* HapticManager.swift in Sources */,
				7CC6EA7C2B6475960015A56B /* ContentView.swift in Sources */,
				7C93DD0F2B6FB20C0056B790 /* XMarkButton.swift in Sources */,
				7CC6EAAD2B6841420015A56B /* CoinDataService.swift in Sources */,
				7CC6EAA52B6687EB0015A56B /* String.swift in Sources */,
				7C58478B2B696FF7003A0A4A /* NetworkingManager.swift in Sources */,
				7CC6EA912B650EE20015A56B /* HomeView.swift in Sources */,
				7C93DD162B72A7150056B790 /* PortfolioDataService.swift in Sources */,
				7C93DD142B72A6B00056B790 /* PortfolioContainer.xcdatamodeld in Sources */,
				7C004E6D2B6FA904006D3281 /* PortfolioView.swift in Sources */,
				7CB035A22B6CD3C300B347E4 /* LocalFileManager.swift in Sources */,
				7CC6EAA22B6687EB0015A56B /* Double.swift in Sources */,
				7CC6EA7A2B6475960015A56B /* CrytoWatchApp.swift in Sources */,
				7CBB7E012B6E0F470060B361 /* SearchBarView.swift in Sources */,
				7CB0359E2B6C1EF800B347E4 /* CoinImageViewModel.swift in Sources */,
				7C1E691E2B77F9020027E6F7 /* DetailsView.swift in Sources */,
				7C004E632B6EADCA006D3281 /* StatisticModel.swift in Sources */,
				7C004E6B2B6EB78B006D3281 /* MarketDataService.swift in Sources */,
				7C004E672B6EB1DF006D3281 /* HomeStatView.swift in Sources */,
				7CC6EA972B6510880015A56B /* CircleButtonView.swift in Sources */,
				7C004E652B6EAE47006D3281 /* StatisticView.swift in Sources */,
				7CC6EA992B6649EC0015A56B /* CircleButtonAnimationView.swift in Sources */,
				7CB035A02B6C1F6400B347E4 /* CoinImageService.swift in Sources */,
				7C93DD112B6FD1EB0056B790 /* CoinLogoView.swift in Sources */,
				7CC6EAAA2B6696FF0015A56B /* HomeViewModel.swift in Sources */,
				7CB0359C2B6C1B7200B347E4 /* CoinImageView.swift in Sources */,
				7CC6EA8D2B64782D0015A56B /* Color.swift in Sources */,
				7CC6EAA32B6687EB0015A56B /* Date.swift in Sources */,
				7CC6EA9C2B66688B0015A56B /* CoinModel.swift in Sources */,
				7C004E692B6EB62F006D3281 /* MarketDataModel.swift in Sources */,
				7CC6EAA42B6687EB0015A56B /* PreviewProvider.swift in Sources */,
			);
			runOnlyForDeploymentPostprocessing = 0;
		};
/* End PBXSourcesBuildPhase section */

/* Begin XCBuildConfiguration section */
		7CC6EA822B6475970015A56B /* Debug */ = {
			isa = XCBuildConfiguration;
			buildSettings = {
				ALWAYS_SEARCH_USER_PATHS = NO;
				ASSETCATALOG_COMPILER_GENERATE_SWIFT_ASSET_SYMBOL_EXTENSIONS = YES;
				CLANG_ANALYZER_NONNULL = YES;
				CLANG_ANALYZER_NUMBER_OBJECT_CONVERSION = YES_AGGRESSIVE;
				CLANG_CXX_LANGUAGE_STANDARD = "gnu++20";
				CLANG_ENABLE_MODULES = YES;
				CLANG_ENABLE_OBJC_ARC = YES;
				CLANG_ENABLE_OBJC_WEAK = YES;
				CLANG_WARN_BLOCK_CAPTURE_AUTORELEASING = YES;
				CLANG_WARN_BOOL_CONVERSION = YES;
				CLANG_WARN_COMMA = YES;
				CLANG_WARN_CONSTANT_CONVERSION = YES;
				CLANG_WARN_DEPRECATED_OBJC_IMPLEMENTATIONS = YES;
				CLANG_WARN_DIRECT_OBJC_ISA_USAGE = YES_ERROR;
				CLANG_WARN_DOCUMENTATION_COMMENTS = YES;
				CLANG_WARN_EMPTY_BODY = YES;
				CLANG_WARN_ENUM_CONVERSION = YES;
				CLANG_WARN_INFINITE_RECURSION = YES;
				CLANG_WARN_INT_CONVERSION = YES;
				CLANG_WARN_NON_LITERAL_NULL_CONVERSION = YES;
				CLANG_WARN_OBJC_IMPLICIT_RETAIN_SELF = YES;
				CLANG_WARN_OBJC_LITERAL_CONVERSION = YES;
				CLANG_WARN_OBJC_ROOT_CLASS = YES_ERROR;
				CLANG_WARN_QUOTED_INCLUDE_IN_FRAMEWORK_HEADER = YES;
				CLANG_WARN_RANGE_LOOP_ANALYSIS = YES;
				CLANG_WARN_STRICT_PROTOTYPES = YES;
				CLANG_WARN_SUSPICIOUS_MOVE = YES;
				CLANG_WARN_UNGUARDED_AVAILABILITY = YES_AGGRESSIVE;
				CLANG_WARN_UNREACHABLE_CODE = YES;
				CLANG_WARN__DUPLICATE_METHOD_MATCH = YES;
				COPY_PHASE_STRIP = NO;
				DEBUG_INFORMATION_FORMAT = dwarf;
				ENABLE_STRICT_OBJC_MSGSEND = YES;
				ENABLE_TESTABILITY = YES;
				ENABLE_USER_SCRIPT_SANDBOXING = YES;
				GCC_C_LANGUAGE_STANDARD = gnu17;
				GCC_DYNAMIC_NO_PIC = NO;
				GCC_NO_COMMON_BLOCKS = YES;
				GCC_OPTIMIZATION_LEVEL = 0;
				GCC_PREPROCESSOR_DEFINITIONS = (
					"DEBUG=1",
					"$(inherited)",
				);
				GCC_WARN_64_TO_32_BIT_CONVERSION = YES;
				GCC_WARN_ABOUT_RETURN_TYPE = YES_ERROR;
				GCC_WARN_UNDECLARED_SELECTOR = YES;
				GCC_WARN_UNINITIALIZED_AUTOS = YES_AGGRESSIVE;
				GCC_WARN_UNUSED_FUNCTION = YES;
				GCC_WARN_UNUSED_VARIABLE = YES;
				IPHONEOS_DEPLOYMENT_TARGET = 17.0;
				LOCALIZATION_PREFERS_STRING_CATALOGS = YES;
				MTL_ENABLE_DEBUG_INFO = INCLUDE_SOURCE;
				MTL_FAST_MATH = YES;
				ONLY_ACTIVE_ARCH = YES;
				SDKROOT = iphoneos;
				SWIFT_ACTIVE_COMPILATION_CONDITIONS = "DEBUG $(inherited)";
				SWIFT_OPTIMIZATION_LEVEL = "-Onone";
			};
			name = Debug;
		};
		7CC6EA832B6475970015A56B /* Release */ = {
			isa = XCBuildConfiguration;
			buildSettings = {
				ALWAYS_SEARCH_USER_PATHS = NO;
				ASSETCATALOG_COMPILER_GENERATE_SWIFT_ASSET_SYMBOL_EXTENSIONS = YES;
				CLANG_ANALYZER_NONNULL = YES;
				CLANG_ANALYZER_NUMBER_OBJECT_CONVERSION = YES_AGGRESSIVE;
				CLANG_CXX_LANGUAGE_STANDARD = "gnu++20";
				CLANG_ENABLE_MODULES = YES;
				CLANG_ENABLE_OBJC_ARC = YES;
				CLANG_ENABLE_OBJC_WEAK = YES;
				CLANG_WARN_BLOCK_CAPTURE_AUTORELEASING = YES;
				CLANG_WARN_BOOL_CONVERSION = YES;
				CLANG_WARN_COMMA = YES;
				CLANG_WARN_CONSTANT_CONVERSION = YES;
				CLANG_WARN_DEPRECATED_OBJC_IMPLEMENTATIONS = YES;
				CLANG_WARN_DIRECT_OBJC_ISA_USAGE = YES_ERROR;
				CLANG_WARN_DOCUMENTATION_COMMENTS = YES;
				CLANG_WARN_EMPTY_BODY = YES;
				CLANG_WARN_ENUM_CONVERSION = YES;
				CLANG_WARN_INFINITE_RECURSION = YES;
				CLANG_WARN_INT_CONVERSION = YES;
				CLANG_WARN_NON_LITERAL_NULL_CONVERSION = YES;
				CLANG_WARN_OBJC_IMPLICIT_RETAIN_SELF = YES;
				CLANG_WARN_OBJC_LITERAL_CONVERSION = YES;
				CLANG_WARN_OBJC_ROOT_CLASS = YES_ERROR;
				CLANG_WARN_QUOTED_INCLUDE_IN_FRAMEWORK_HEADER = YES;
				CLANG_WARN_RANGE_LOOP_ANALYSIS = YES;
				CLANG_WARN_STRICT_PROTOTYPES = YES;
				CLANG_WARN_SUSPICIOUS_MOVE = YES;
				CLANG_WARN_UNGUARDED_AVAILABILITY = YES_AGGRESSIVE;
				CLANG_WARN_UNREACHABLE_CODE = YES;
				CLANG_WARN__DUPLICATE_METHOD_MATCH = YES;
				COPY_PHASE_STRIP = NO;
				DEBUG_INFORMATION_FORMAT = "dwarf-with-dsym";
				ENABLE_NS_ASSERTIONS = NO;
				ENABLE_STRICT_OBJC_MSGSEND = YES;
				ENABLE_USER_SCRIPT_SANDBOXING = YES;
				GCC_C_LANGUAGE_STANDARD = gnu17;
				GCC_NO_COMMON_BLOCKS = YES;
				GCC_WARN_64_TO_32_BIT_CONVERSION = YES;
				GCC_WARN_ABOUT_RETURN_TYPE = YES_ERROR;
				GCC_WARN_UNDECLARED_SELECTOR = YES;
				GCC_WARN_UNINITIALIZED_AUTOS = YES_AGGRESSIVE;
				GCC_WARN_UNUSED_FUNCTION = YES;
				GCC_WARN_UNUSED_VARIABLE = YES;
				IPHONEOS_DEPLOYMENT_TARGET = 17.0;
				LOCALIZATION_PREFERS_STRING_CATALOGS = YES;
				MTL_ENABLE_DEBUG_INFO = NO;
				MTL_FAST_MATH = YES;
				SDKROOT = iphoneos;
				SWIFT_COMPILATION_MODE = wholemodule;
				VALIDATE_PRODUCT = YES;
			};
			name = Release;
		};
		7CC6EA852B6475970015A56B /* Debug */ = {
			isa = XCBuildConfiguration;
			buildSettings = {
				ASSETCATALOG_COMPILER_APPICON_NAME = AppIcon;
				ASSETCATALOG_COMPILER_GLOBAL_ACCENT_COLOR_NAME = AccentColor;
				CODE_SIGN_STYLE = Automatic;
				CURRENT_PROJECT_VERSION = 1;
				DEVELOPMENT_ASSET_PATHS = "\"CrytoWatch/Preview Content\"";
				ENABLE_PREVIEWS = YES;
				GENERATE_INFOPLIST_FILE = YES;
				INFOPLIST_KEY_CFBundleDisplayName = "Crypto Watch";
				INFOPLIST_KEY_UIApplicationSceneManifest_Generation = YES;
				INFOPLIST_KEY_UIApplicationSupportsIndirectInputEvents = YES;
				INFOPLIST_KEY_UILaunchScreen_Generation = YES;
				INFOPLIST_KEY_UISupportedInterfaceOrientations = UIInterfaceOrientationPortrait;
				LD_RUNPATH_SEARCH_PATHS = (
					"$(inherited)",
					"@executable_path/Frameworks",
				);
				MARKETING_VERSION = 1.0;
				PRODUCT_BUNDLE_IDENTIFIER = com.learncalculator.CrytoWatch;
				PRODUCT_NAME = "$(TARGET_NAME)";
				SWIFT_EMIT_LOC_STRINGS = YES;
				SWIFT_VERSION = 5.0;
				TARGETED_DEVICE_FAMILY = "1,2";
			};
			name = Debug;
		};
		7CC6EA862B6475970015A56B /* Release */ = {
			isa = XCBuildConfiguration;
			buildSettings = {
				ASSETCATALOG_COMPILER_APPICON_NAME = AppIcon;
				ASSETCATALOG_COMPILER_GLOBAL_ACCENT_COLOR_NAME = AccentColor;
				CODE_SIGN_STYLE = Automatic;
				CURRENT_PROJECT_VERSION = 1;
				DEVELOPMENT_ASSET_PATHS = "\"CrytoWatch/Preview Content\"";
				ENABLE_PREVIEWS = YES;
				GENERATE_INFOPLIST_FILE = YES;
				INFOPLIST_KEY_CFBundleDisplayName = "Crypto Watch";
				INFOPLIST_KEY_UIApplicationSceneManifest_Generation = YES;
				INFOPLIST_KEY_UIApplicationSupportsIndirectInputEvents = YES;
				INFOPLIST_KEY_UILaunchScreen_Generation = YES;
				INFOPLIST_KEY_UISupportedInterfaceOrientations = UIInterfaceOrientationPortrait;
				LD_RUNPATH_SEARCH_PATHS = (
					"$(inherited)",
					"@executable_path/Frameworks",
				);
				MARKETING_VERSION = 1.0;
				PRODUCT_BUNDLE_IDENTIFIER = com.learncalculator.CrytoWatch;
				PRODUCT_NAME = "$(TARGET_NAME)";
				SWIFT_EMIT_LOC_STRINGS = YES;
				SWIFT_VERSION = 5.0;
				TARGETED_DEVICE_FAMILY = "1,2";
			};
			name = Release;
		};
/* End XCBuildConfiguration section */

/* Begin XCConfigurationList section */
		7CC6EA712B6475960015A56B /* Build configuration list for PBXProject "CrytoWatch" */ = {
			isa = XCConfigurationList;
			buildConfigurations = (
				7CC6EA822B6475970015A56B /* Debug */,
				7CC6EA832B6475970015A56B /* Release */,
			);
			defaultConfigurationIsVisible = 0;
			defaultConfigurationName = Release;
		};
		7CC6EA842B6475970015A56B /* Build configuration list for PBXNativeTarget "CrytoWatch" */ = {
			isa = XCConfigurationList;
			buildConfigurations = (
				7CC6EA852B6475970015A56B /* Debug */,
				7CC6EA862B6475970015A56B /* Release */,
			);
			defaultConfigurationIsVisible = 0;
			defaultConfigurationName = Release;
		};
/* End XCConfigurationList section */

/* Begin XCVersionGroup section */
		7C93DD122B72A6B00056B790 /* PortfolioContainer.xcdatamodeld */ = {
			isa = XCVersionGroup;
			children = (
				7C93DD132B72A6B00056B790 /* PortfolioContainer.xcdatamodel */,
			);
			currentVersion = 7C93DD132B72A6B00056B790 /* PortfolioContainer.xcdatamodel */;
			path = PortfolioContainer.xcdatamodeld;
			sourceTree = "<group>";
			versionGroupType = wrapper.xcdatamodel;
		};
/* End XCVersionGroup section */
	};
	rootObject = 7CC6EA6E2B6475960015A56B /* Project object */;
}
